
Microsoft Visual Studio Solution File, Format Version 12.00
# Visual Studio Version 17
VisualStudioVersion = 17.5.002.0
MinimumVisualStudioVersion = 10.0.40219.1
Project("{9A19103F-16F7-4668-BE54-9A1E7A4F7556}") = "task1", "task1\task1.csproj", "{A965E2A1-922D-49E8-9DBB-D21A6F9C11A4}"
EndProject
Global
	GlobalSection(SolutionConfigurationPlatforms) = preSolution
		Debug|Any CPU = Debug|Any CPU
		Release|Any CPU = Release|Any CPU
	EndGlobalSection
	GlobalSection(ProjectConfigurationPlatforms) = postSolution
		{A965E2A1-922D-49E8-9DBB-D21A6F9C11A4}.Debug|Any CPU.ActiveCfg = Debug|Any CPU
		{A965E2A1-922D-49E8-9DBB-D21A6F9C11A4}.Debug|Any CPU.Build.0 = Debug|Any CPU
		{A965E2A1-922D-49E8-9DBB-D21A6F9C11A4}.Release|Any CPU.ActiveCfg = Release|Any CPU
		{A965E2A1-922D-49E8-9DBB-D21A6F9C11A4}.Release|Any CPU.Build.0 = Release|Any CPU
	EndGlobalSection
	GlobalSection(SolutionProperties) = preSolution
		HideSolutionNode = FALSE
	EndGlobalSection
	GlobalSection(ExtensibilityGlobals) = postSolution
		SolutionGuid = {578F4B2D-D732-4162-98C6-FE463088B6E7}
	EndGlobalSection
EndGlobal
